
Microsoft Visual Studio Solution File, Format Version 12.00
# Visual Studio 15
VisualStudioVersion = 15.0.27004.2009
MinimumVisualStudioVersion = 10.0.40219.1
Project("{9A19103F-16F7-4668-BE54-9A1E7A4F7556}") = "Stock.Data", "Stock.Data\Stock.Data.csproj", "{43B1C524-F5D0-47CA-BCF8-306EB7FCCF76}"
EndProject
Project("{9A19103F-16F7-4668-BE54-9A1E7A4F7556}") = "ContosoUniversity", "Teste\ContosoUniversity.csproj", "{15610BDF-3E3B-4C5C-8BEA-81FC2344A0D4}"
EndProject
Project("{FAE04EC0-301F-11D3-BF4B-00C04F79EFBC}") = "Stock.Repository", "Stock.Repository\Stock.Repository.csproj", "{6CB2AA12-8C63-4C57-8A19-DC8347097EA2}"
	ProjectSection(ProjectDependencies) = postProject
		{43B1C524-F5D0-47CA-BCF8-306EB7FCCF76} = {43B1C524-F5D0-47CA-BCF8-306EB7FCCF76}
	EndProjectSection
EndProject
Project("{FAE04EC0-301F-11D3-BF4B-00C04F79EFBC}") = "Stock.Web", "Stock.Web\Stock.Web.csproj", "{AE117398-9BC5-441E-B901-6E11FEE30A83}"
EndProject
Global
	GlobalSection(SolutionConfigurationPlatforms) = preSolution
		Debug|Any CPU = Debug|Any CPU
		Release|Any CPU = Release|Any CPU
	EndGlobalSection
	GlobalSection(ProjectConfigurationPlatforms) = postSolution
		{43B1C524-F5D0-47CA-BCF8-306EB7FCCF76}.Debug|Any CPU.ActiveCfg = Debug|Any CPU
		{43B1C524-F5D0-47CA-BCF8-306EB7FCCF76}.Debug|Any CPU.Build.0 = Debug|Any CPU
		{43B1C524-F5D0-47CA-BCF8-306EB7FCCF76}.Release|Any CPU.ActiveCfg = Release|Any CPU
		{43B1C524-F5D0-47CA-BCF8-306EB7FCCF76}.Release|Any CPU.Build.0 = Release|Any CPU
		{15610BDF-3E3B-4C5C-8BEA-81FC2344A0D4}.Debug|Any CPU.ActiveCfg = Debug|Any CPU
		{15610BDF-3E3B-4C5C-8BEA-81FC2344A0D4}.Debug|Any CPU.Build.0 = Debug|Any CPU
		{15610BDF-3E3B-4C5C-8BEA-81FC2344A0D4}.Release|Any CPU.ActiveCfg = Release|Any CPU
		{15610BDF-3E3B-4C5C-8BEA-81FC2344A0D4}.Release|Any CPU.Build.0 = Release|Any CPU
		{6CB2AA12-8C63-4C57-8A19-DC8347097EA2}.Debug|Any CPU.ActiveCfg = Debug|Any CPU
		{6CB2AA12-8C63-4C57-8A19-DC8347097EA2}.Debug|Any CPU.Build.0 = Debug|Any CPU
		{6CB2AA12-8C63-4C57-8A19-DC8347097EA2}.Release|Any CPU.ActiveCfg = Release|Any CPU
		{6CB2AA12-8C63-4C57-8A19-DC8347097EA2}.Release|Any CPU.Build.0 = Release|Any CPU
		{AE117398-9BC5-441E-B901-6E11FEE30A83}.Debug|Any CPU.ActiveCfg = Debug|Any CPU
		{AE117398-9BC5-441E-B901-6E11FEE30A83}.Debug|Any CPU.Build.0 = Debug|Any CPU
		{AE117398-9BC5-441E-B901-6E11FEE30A83}.Release|Any CPU.ActiveCfg = Release|Any CPU
		{AE117398-9BC5-441E-B901-6E11FEE30A83}.Release|Any CPU.Build.0 = Release|Any CPU
	EndGlobalSection
	GlobalSection(SolutionProperties) = preSolution
		HideSolutionNode = FALSE
	EndGlobalSection
	GlobalSection(ExtensibilityGlobals) = postSolution
		SolutionGuid = {7EC30F28-D648-4794-A123-C993A2F8AE1F}
	EndGlobalSection
EndGlobal
